version = 1
revision = 3
requires-python = ">=3.13"

[[package]]
name = "template"
version = "0.1.0"
source = { virtual = "." }
dependencies = [
    { name = "uuid-utils" },
]

[package.metadata]
requires-dist = [{ name = "uuid-utils", specifier = ">=0.11.1" }]

[[package]]
name = "uuid-utils"
version = "0.11.1"
source = { registry = "https://pypi.org/simple" }
sdist = { url = "https://files.pythonhosted.org/packages/e2/ef/b6c1fd4fee3b2854bf9d602530ab8b6624882e2691c15a9c4d22ea8c03eb/uuid_utils-0.11.1.tar.gz", hash = "sha256:7ef455547c2ccb712840b106b5ab006383a9bfe4125ba1c5ab92e47bcbf79b46", size = 19933, upload-time = "2025-10-02T13:32:09.526Z" }
wheels = [
    { url = "https://files.pythonhosted.org/packages/40/f5/254d7ce4b3aa4a1a3a4f279e0cc74eec8b4d3a61641d8ffc6e983907f2ca/uuid_utils-0.11.1-cp39-abi3-macosx_10_12_x86_64.macosx_11_0_arm64.macosx_10_12_universal2.whl", hash = "sha256:4bc8cf73c375b9ea11baf70caacc2c4bf7ce9bfd804623aa0541e5656f3dbeaf", size = 581019, upload-time = "2025-10-02T13:31:32.239Z" },
    { url = "https://files.pythonhosted.org/packages/68/e6/f7d14c4e1988d8beb3ac9bd773f370376c704925bdfb07380f5476bb2986/uuid_utils-0.11.1-cp39-abi3-macosx_10_12_x86_64.whl", hash = "sha256:0d2cb3bcc6f5862d08a0ee868b18233bc63ba9ea0e85ea9f3f8e703983558eba", size = 294377, upload-time = "2025-10-02T13:31:34.01Z" },
    { url = "https://files.pythonhosted.org/packages/8e/40/847a9a0258e7a2a14b015afdaa06ee4754a2680db7b74bac159d594eeb18/uuid_utils-0.11.1-cp39-abi3-manylinux_2_17_aarch64.manylinux2014_aarch64.whl", hash = "sha256:463400604f623969f198aba9133ebfd717636f5e34257340302b1c3ff685dc0f", size = 328070, upload-time = "2025-10-02T13:31:35.619Z" },
    { url = "https://files.pythonhosted.org/packages/44/0c/c5d342d31860c9b4f481ef31a4056825961f9b462d216555e76dcee580ea/uuid_utils-0.11.1-cp39-abi3-manylinux_2_17_armv7l.manylinux2014_armv7l.whl", hash = "sha256:aef66b935342b268c6ffc1796267a1d9e73135740a10fe7e4098e1891cbcc476", size = 333610, upload-time = "2025-10-02T13:31:37.058Z" },
    { url = "https://files.pythonhosted.org/packages/e1/4b/52edc023ffcb9ab9a4042a58974a79c39ba7a565e683f1fd9814b504cf13/uuid_utils-0.11.1-cp39-abi3-manylinux_2_17_ppc64le.manylinux2014_ppc64le.whl", hash = "sha256:fd65c41b81b762278997de0d027161f27f9cc4058fa57bbc0a1aaa63a63d6d1a", size = 475669, upload-time = "2025-10-02T13:31:38.38Z" },
    { url = "https://files.pythonhosted.org/packages/59/81/ee55ee63264531bb1c97b5b6033ad6ec81b5cd77f89174e9aef3af3d8889/uuid_utils-0.11.1-cp39-abi3-manylinux_2_17_x86_64.manylinux2014_x86_64.whl", hash = "sha256:ccfac9d5d7522d61accabb8c68448ead6407933415e67e62123ed6ed11f86510", size = 331946, upload-time = "2025-10-02T13:31:39.66Z" },
    { url = "https://files.pythonhosted.org/packages/cf/07/5d4be27af0e9648afa512f0d11bb6d96cb841dd6d29b57baa3fbf55fd62e/uuid_utils-0.11.1-cp39-abi3-manylinux_2_5_i686.manylinux1_i686.whl", hash = "sha256:003f48f05c01692d0c1f7e413d194e7299a1a364e0047a4eb904d3478b84eca1", size = 352920, upload-time = "2025-10-02T13:31:40.94Z" },
    { url = "https://files.pythonhosted.org/packages/5b/48/a69dddd9727512b0583b87bfff97d82a8813b28fb534a183c9e37033cfef/uuid_utils-0.11.1-cp39-abi3-musllinux_1_2_aarch64.whl", hash = "sha256:a5c936042120bdc30d62f539165beaa4a6ba7e817a89e5409a6f06dc62c677a9", size = 509413, upload-time = "2025-10-02T13:31:42.547Z" },
    { url = "https://files.pythonhosted.org/packages/66/0d/1b529a3870c2354dd838d5f133a1cba75220242b0061f04a904ca245a131/uuid_utils-0.11.1-cp39-abi3-musllinux_1_2_i686.whl", hash = "sha256:2e16dcdbdf4cd34ffb31ead6236960adb50e6c962c9f4554a6ecfdfa044c6259", size = 529454, upload-time = "2025-10-02T13:31:44.338Z" },
    { url = "https://files.pythonhosted.org/packages/bd/f2/04a3f77c85585aac09d546edaf871a4012052fb8ace6dbddd153b4d50f02/uuid_utils-0.11.1-cp39-abi3-musllinux_1_2_x86_64.whl", hash = "sha256:f8b21fed11b23134502153d652c77c3a37fa841a9aa15a4e6186d440a22f1a0e", size = 498084, upload-time = "2025-10-02T13:31:45.601Z" },
    { url = "https://files.pythonhosted.org/packages/89/08/538b380b4c4b220f3222c970930fe459cc37f1dfc6c8dc912568d027f17d/uuid_utils-0.11.1-cp39-abi3-win32.whl", hash = "sha256:72abab5ab27c1b914e3f3f40f910532ae242df1b5f0ae43f1df2ef2f610b2a8c", size = 174314, upload-time = "2025-10-02T13:31:47.269Z" },
    { url = "https://files.pythonhosted.org/packages/00/66/971ec830094ac1c7d46381678f7138c1805015399805e7dd7769c893c9c8/uuid_utils-0.11.1-cp39-abi3-win_amd64.whl", hash = "sha256:5ed9962f8993ef2fd418205f92830c29344102f86871d99b57cef053abf227d9", size = 179214, upload-time = "2025-10-02T13:31:48.344Z" },
]
